
Microsoft Visual Studio Solution File, Format Version 12.00
# Visual Studio Version 16
VisualStudioVersion = 16.0.31911.196
MinimumVisualStudioVersion = 10.0.40219.1
Project("{FAE04EC0-301F-11D3-BF4B-00C04F79EFBC}") = "Day19project1", "Day19project1\Day19project1.csproj", "{C6523D4A-C009-4C7F-B293-4B4C546D3367}"
EndProject
Global
	GlobalSection(SolutionConfigurationPlatforms) = preSolution
		Debug|Any CPU = Debug|Any CPU
		Release|Any CPU = Release|Any CPU
	EndGlobalSection
	GlobalSection(ProjectConfigurationPlatforms) = postSolution
		{C6523D4A-C009-4C7F-B293-4B4C546D3367}.Debug|Any CPU.ActiveCfg = Debug|Any CPU
		{C6523D4A-C009-4C7F-B293-4B4C546D3367}.Debug|Any CPU.Build.0 = Debug|Any CPU
		{C6523D4A-C009-4C7F-B293-4B4C546D3367}.Release|Any CPU.ActiveCfg = Release|Any CPU
		{C6523D4A-C009-4C7F-B293-4B4C546D3367}.Release|Any CPU.Build.0 = Release|Any CPU
	EndGlobalSection
	GlobalSection(SolutionProperties) = preSolution
		HideSolutionNode = FALSE
	EndGlobalSection
	GlobalSection(ExtensibilityGlobals) = postSolution
		SolutionGuid = {E0E24340-88AE-4AF8-A983-5B8371C5C3C4}
	EndGlobalSection
EndGlobal
