
Microsoft Visual Studio Solution File, Format Version 12.00
# Visual Studio Version 16
VisualStudioVersion = 16.0.31911.196
MinimumVisualStudioVersion = 10.0.40219.1
Project("{FAE04EC0-301F-11D3-BF4B-00C04F79EFBC}") = "Day11Project2", "Day11Project2\Day11Project2.csproj", "{ADDBFC15-0AD1-4113-A2D2-84F605EFFA55}"
EndProject
Global
	GlobalSection(SolutionConfigurationPlatforms) = preSolution
		Debug|Any CPU = Debug|Any CPU
		Release|Any CPU = Release|Any CPU
	EndGlobalSection
	GlobalSection(ProjectConfigurationPlatforms) = postSolution
		{ADDBFC15-0AD1-4113-A2D2-84F605EFFA55}.Debug|Any CPU.ActiveCfg = Debug|Any CPU
		{ADDBFC15-0AD1-4113-A2D2-84F605EFFA55}.Debug|Any CPU.Build.0 = Debug|Any CPU
		{ADDBFC15-0AD1-4113-A2D2-84F605EFFA55}.Release|Any CPU.ActiveCfg = Release|Any CPU
		{ADDBFC15-0AD1-4113-A2D2-84F605EFFA55}.Release|Any CPU.Build.0 = Release|Any CPU
	EndGlobalSection
	GlobalSection(SolutionProperties) = preSolution
		HideSolutionNode = FALSE
	EndGlobalSection
	GlobalSection(ExtensibilityGlobals) = postSolution
		SolutionGuid = {ED46E086-BA08-4BB5-A53B-FD3BFE411EE0}
	EndGlobalSection
EndGlobal
