
Microsoft Visual Studio Solution File, Format Version 12.00
# Visual Studio Version 16
VisualStudioVersion = 16.0.31911.196
MinimumVisualStudioVersion = 10.0.40219.1
Project("{FAE04EC0-301F-11D3-BF4B-00C04F79EFBC}") = "Day15Project1", "Day15Project1\Day15Project1.csproj", "{72E19B67-6156-4D31-B544-F2A532F6CEE8}"
EndProject
Global
	GlobalSection(SolutionConfigurationPlatforms) = preSolution
		Debug|Any CPU = Debug|Any CPU
		Release|Any CPU = Release|Any CPU
	EndGlobalSection
	GlobalSection(ProjectConfigurationPlatforms) = postSolution
		{72E19B67-6156-4D31-B544-F2A532F6CEE8}.Debug|Any CPU.ActiveCfg = Debug|Any CPU
		{72E19B67-6156-4D31-B544-F2A532F6CEE8}.Debug|Any CPU.Build.0 = Debug|Any CPU
		{72E19B67-6156-4D31-B544-F2A532F6CEE8}.Release|Any CPU.ActiveCfg = Release|Any CPU
		{72E19B67-6156-4D31-B544-F2A532F6CEE8}.Release|Any CPU.Build.0 = Release|Any CPU
	EndGlobalSection
	GlobalSection(SolutionProperties) = preSolution
		HideSolutionNode = FALSE
	EndGlobalSection
	GlobalSection(ExtensibilityGlobals) = postSolution
		SolutionGuid = {A2200E23-AF74-4124-A17F-6E087B413CCD}
	EndGlobalSection
EndGlobal
