
Microsoft Visual Studio Solution File, Format Version 12.00
# Visual Studio Version 16
VisualStudioVersion = 16.0.31911.196
MinimumVisualStudioVersion = 10.0.40219.1
Project("{FAE04EC0-301F-11D3-BF4B-00C04F79EFBC}") = "DeclaringList", "DeclaringList\DeclaringList.csproj", "{36E2BA46-3EA2-49E5-A6FC-568958E022CE}"
EndProject
Global
	GlobalSection(SolutionConfigurationPlatforms) = preSolution
		Debug|Any CPU = Debug|Any CPU
		Release|Any CPU = Release|Any CPU
	EndGlobalSection
	GlobalSection(ProjectConfigurationPlatforms) = postSolution
		{36E2BA46-3EA2-49E5-A6FC-568958E022CE}.Debug|Any CPU.ActiveCfg = Debug|Any CPU
		{36E2BA46-3EA2-49E5-A6FC-568958E022CE}.Debug|Any CPU.Build.0 = Debug|Any CPU
		{36E2BA46-3EA2-49E5-A6FC-568958E022CE}.Release|Any CPU.ActiveCfg = Release|Any CPU
		{36E2BA46-3EA2-49E5-A6FC-568958E022CE}.Release|Any CPU.Build.0 = Release|Any CPU
	EndGlobalSection
	GlobalSection(SolutionProperties) = preSolution
		HideSolutionNode = FALSE
	EndGlobalSection
	GlobalSection(ExtensibilityGlobals) = postSolution
		SolutionGuid = {00A285A6-C920-41D2-B107-06DA321641A6}
	EndGlobalSection
EndGlobal
