
Microsoft Visual Studio Solution File, Format Version 12.00
# Visual Studio Version 16
VisualStudioVersion = 16.0.31911.196
MinimumVisualStudioVersion = 10.0.40219.1
Project("{FAE04EC0-301F-11D3-BF4B-00C04F79EFBC}") = "Day9Project1", "Day9Project1\Day9Project1.csproj", "{AF3D33EF-9BDA-4D9B-9784-731C7242413C}"
EndProject
Global
	GlobalSection(SolutionConfigurationPlatforms) = preSolution
		Debug|Any CPU = Debug|Any CPU
		Release|Any CPU = Release|Any CPU
	EndGlobalSection
	GlobalSection(ProjectConfigurationPlatforms) = postSolution
		{AF3D33EF-9BDA-4D9B-9784-731C7242413C}.Debug|Any CPU.ActiveCfg = Debug|Any CPU
		{AF3D33EF-9BDA-4D9B-9784-731C7242413C}.Debug|Any CPU.Build.0 = Debug|Any CPU
		{AF3D33EF-9BDA-4D9B-9784-731C7242413C}.Release|Any CPU.ActiveCfg = Release|Any CPU
		{AF3D33EF-9BDA-4D9B-9784-731C7242413C}.Release|Any CPU.Build.0 = Release|Any CPU
	EndGlobalSection
	GlobalSection(SolutionProperties) = preSolution
		HideSolutionNode = FALSE
	EndGlobalSection
	GlobalSection(ExtensibilityGlobals) = postSolution
		SolutionGuid = {A0153BC8-FDC8-4509-AED4-035D19B6B99A}
	EndGlobalSection
EndGlobal
