
Microsoft Visual Studio Solution File, Format Version 12.00
# Visual Studio Version 16
VisualStudioVersion = 16.0.31911.196
MinimumVisualStudioVersion = 10.0.40219.1
Project("{FAE04EC0-301F-11D3-BF4B-00C04F79EFBC}") = "Day16Project5", "Day16Project5\Day16Project5.csproj", "{DF917DC7-3B00-422E-9368-F3693C70B351}"
EndProject
Global
	GlobalSection(SolutionConfigurationPlatforms) = preSolution
		Debug|Any CPU = Debug|Any CPU
		Release|Any CPU = Release|Any CPU
	EndGlobalSection
	GlobalSection(ProjectConfigurationPlatforms) = postSolution
		{DF917DC7-3B00-422E-9368-F3693C70B351}.Debug|Any CPU.ActiveCfg = Debug|Any CPU
		{DF917DC7-3B00-422E-9368-F3693C70B351}.Debug|Any CPU.Build.0 = Debug|Any CPU
		{DF917DC7-3B00-422E-9368-F3693C70B351}.Release|Any CPU.ActiveCfg = Release|Any CPU
		{DF917DC7-3B00-422E-9368-F3693C70B351}.Release|Any CPU.Build.0 = Release|Any CPU
	EndGlobalSection
	GlobalSection(SolutionProperties) = preSolution
		HideSolutionNode = FALSE
	EndGlobalSection
	GlobalSection(ExtensibilityGlobals) = postSolution
		SolutionGuid = {666DF808-BDB0-4595-BA13-D8BF6CE2C021}
	EndGlobalSection
EndGlobal
