
Microsoft Visual Studio Solution File, Format Version 12.00
# Visual Studio Version 16
VisualStudioVersion = 16.0.31911.196
MinimumVisualStudioVersion = 10.0.40219.1
Project("{FAE04EC0-301F-11D3-BF4B-00C04F79EFBC}") = "Day11Project1", "Day11Project1\Day11Project1.csproj", "{45D8BA1C-1938-48E9-82A3-C08988916A1E}"
EndProject
Global
	GlobalSection(SolutionConfigurationPlatforms) = preSolution
		Debug|Any CPU = Debug|Any CPU
		Release|Any CPU = Release|Any CPU
	EndGlobalSection
	GlobalSection(ProjectConfigurationPlatforms) = postSolution
		{45D8BA1C-1938-48E9-82A3-C08988916A1E}.Debug|Any CPU.ActiveCfg = Debug|Any CPU
		{45D8BA1C-1938-48E9-82A3-C08988916A1E}.Debug|Any CPU.Build.0 = Debug|Any CPU
		{45D8BA1C-1938-48E9-82A3-C08988916A1E}.Release|Any CPU.ActiveCfg = Release|Any CPU
		{45D8BA1C-1938-48E9-82A3-C08988916A1E}.Release|Any CPU.Build.0 = Release|Any CPU
	EndGlobalSection
	GlobalSection(SolutionProperties) = preSolution
		HideSolutionNode = FALSE
	EndGlobalSection
	GlobalSection(ExtensibilityGlobals) = postSolution
		SolutionGuid = {C7E0D356-C974-4A42-9002-CAC27470C7BA}
	EndGlobalSection
EndGlobal
