
Microsoft Visual Studio Solution File, Format Version 12.00
# Visual Studio Version 16
VisualStudioVersion = 16.0.31911.196
MinimumVisualStudioVersion = 10.0.40219.1
Project("{FAE04EC0-301F-11D3-BF4B-00C04F79EFBC}") = "Day11project3", "Day11project3\Day11project3.csproj", "{65A7023F-2561-4812-A66D-E0566966D374}"
EndProject
Global
	GlobalSection(SolutionConfigurationPlatforms) = preSolution
		Debug|Any CPU = Debug|Any CPU
		Release|Any CPU = Release|Any CPU
	EndGlobalSection
	GlobalSection(ProjectConfigurationPlatforms) = postSolution
		{65A7023F-2561-4812-A66D-E0566966D374}.Debug|Any CPU.ActiveCfg = Debug|Any CPU
		{65A7023F-2561-4812-A66D-E0566966D374}.Debug|Any CPU.Build.0 = Debug|Any CPU
		{65A7023F-2561-4812-A66D-E0566966D374}.Release|Any CPU.ActiveCfg = Release|Any CPU
		{65A7023F-2561-4812-A66D-E0566966D374}.Release|Any CPU.Build.0 = Release|Any CPU
	EndGlobalSection
	GlobalSection(SolutionProperties) = preSolution
		HideSolutionNode = FALSE
	EndGlobalSection
	GlobalSection(ExtensibilityGlobals) = postSolution
		SolutionGuid = {DE40467A-2061-478B-B1F9-513DDF997FF8}
	EndGlobalSection
EndGlobal
