
Microsoft Visual Studio Solution File, Format Version 12.00
# Visual Studio Version 16
VisualStudioVersion = 16.0.31911.196
MinimumVisualStudioVersion = 10.0.40219.1
Project("{FAE04EC0-301F-11D3-BF4B-00C04F79EFBC}") = "Day9Project3", "Day9Project3\Day9Project3.csproj", "{00AF8323-1F70-491A-8B16-99A3CECA5656}"
EndProject
Global
	GlobalSection(SolutionConfigurationPlatforms) = preSolution
		Debug|Any CPU = Debug|Any CPU
		Release|Any CPU = Release|Any CPU
	EndGlobalSection
	GlobalSection(ProjectConfigurationPlatforms) = postSolution
		{00AF8323-1F70-491A-8B16-99A3CECA5656}.Debug|Any CPU.ActiveCfg = Debug|Any CPU
		{00AF8323-1F70-491A-8B16-99A3CECA5656}.Debug|Any CPU.Build.0 = Debug|Any CPU
		{00AF8323-1F70-491A-8B16-99A3CECA5656}.Release|Any CPU.ActiveCfg = Release|Any CPU
		{00AF8323-1F70-491A-8B16-99A3CECA5656}.Release|Any CPU.Build.0 = Release|Any CPU
	EndGlobalSection
	GlobalSection(SolutionProperties) = preSolution
		HideSolutionNode = FALSE
	EndGlobalSection
	GlobalSection(ExtensibilityGlobals) = postSolution
		SolutionGuid = {4FAC1F2D-3EC6-458C-88AE-2FAC93A8EAAF}
	EndGlobalSection
EndGlobal
