
Microsoft Visual Studio Solution File, Format Version 12.00
# Visual Studio Version 16
VisualStudioVersion = 16.0.31911.196
MinimumVisualStudioVersion = 10.0.40219.1
Project("{FAE04EC0-301F-11D3-BF4B-00C04F79EFBC}") = "Day13project3", "Day13project3\Day13project3.csproj", "{A8189B59-3F66-429F-83FC-97A5370981B8}"
EndProject
Global
	GlobalSection(SolutionConfigurationPlatforms) = preSolution
		Debug|Any CPU = Debug|Any CPU
		Release|Any CPU = Release|Any CPU
	EndGlobalSection
	GlobalSection(ProjectConfigurationPlatforms) = postSolution
		{A8189B59-3F66-429F-83FC-97A5370981B8}.Debug|Any CPU.ActiveCfg = Debug|Any CPU
		{A8189B59-3F66-429F-83FC-97A5370981B8}.Debug|Any CPU.Build.0 = Debug|Any CPU
		{A8189B59-3F66-429F-83FC-97A5370981B8}.Release|Any CPU.ActiveCfg = Release|Any CPU
		{A8189B59-3F66-429F-83FC-97A5370981B8}.Release|Any CPU.Build.0 = Release|Any CPU
	EndGlobalSection
	GlobalSection(SolutionProperties) = preSolution
		HideSolutionNode = FALSE
	EndGlobalSection
	GlobalSection(ExtensibilityGlobals) = postSolution
		SolutionGuid = {7DAFFF42-70F6-404E-93E2-B7388C2F8427}
	EndGlobalSection
EndGlobal
