
Microsoft Visual Studio Solution File, Format Version 12.00
# Visual Studio Version 16
VisualStudioVersion = 16.0.31911.196
MinimumVisualStudioVersion = 10.0.40219.1
Project("{FAE04EC0-301F-11D3-BF4B-00C04F79EFBC}") = "Day19Project2", "Day19Project2\Day19Project2.csproj", "{F6AD6E98-10FF-449C-837A-07B27EAFFB8C}"
EndProject
Global
	GlobalSection(SolutionConfigurationPlatforms) = preSolution
		Debug|Any CPU = Debug|Any CPU
		Release|Any CPU = Release|Any CPU
	EndGlobalSection
	GlobalSection(ProjectConfigurationPlatforms) = postSolution
		{F6AD6E98-10FF-449C-837A-07B27EAFFB8C}.Debug|Any CPU.ActiveCfg = Debug|Any CPU
		{F6AD6E98-10FF-449C-837A-07B27EAFFB8C}.Debug|Any CPU.Build.0 = Debug|Any CPU
		{F6AD6E98-10FF-449C-837A-07B27EAFFB8C}.Release|Any CPU.ActiveCfg = Release|Any CPU
		{F6AD6E98-10FF-449C-837A-07B27EAFFB8C}.Release|Any CPU.Build.0 = Release|Any CPU
	EndGlobalSection
	GlobalSection(SolutionProperties) = preSolution
		HideSolutionNode = FALSE
	EndGlobalSection
	GlobalSection(ExtensibilityGlobals) = postSolution
		SolutionGuid = {62C623EB-D1E1-45E6-94BC-7EE5497978AC}
	EndGlobalSection
EndGlobal
