
Microsoft Visual Studio Solution File, Format Version 12.00
# Visual Studio Version 16
VisualStudioVersion = 16.0.31911.196
MinimumVisualStudioVersion = 10.0.40219.1
Project("{FAE04EC0-301F-11D3-BF4B-00C04F79EFBC}") = "Day12project2", "Day12project2\Day12project2.csproj", "{1D777C6F-C638-442B-9FE2-902ED212ADFC}"
EndProject
Global
	GlobalSection(SolutionConfigurationPlatforms) = preSolution
		Debug|Any CPU = Debug|Any CPU
		Release|Any CPU = Release|Any CPU
	EndGlobalSection
	GlobalSection(ProjectConfigurationPlatforms) = postSolution
		{1D777C6F-C638-442B-9FE2-902ED212ADFC}.Debug|Any CPU.ActiveCfg = Debug|Any CPU
		{1D777C6F-C638-442B-9FE2-902ED212ADFC}.Debug|Any CPU.Build.0 = Debug|Any CPU
		{1D777C6F-C638-442B-9FE2-902ED212ADFC}.Release|Any CPU.ActiveCfg = Release|Any CPU
		{1D777C6F-C638-442B-9FE2-902ED212ADFC}.Release|Any CPU.Build.0 = Release|Any CPU
	EndGlobalSection
	GlobalSection(SolutionProperties) = preSolution
		HideSolutionNode = FALSE
	EndGlobalSection
	GlobalSection(ExtensibilityGlobals) = postSolution
		SolutionGuid = {F05A395B-C10B-42D6-88DC-CC50BB201EB2}
	EndGlobalSection
EndGlobal
