
Microsoft Visual Studio Solution File, Format Version 12.00
# Visual Studio Version 16
VisualStudioVersion = 16.0.31911.196
MinimumVisualStudioVersion = 10.0.40219.1
Project("{FAE04EC0-301F-11D3-BF4B-00C04F79EFBC}") = "Myproject", "Myproject\Myproject.csproj", "{4E1EA8E1-EB9C-40AE-AB1F-FB61022336C9}"
EndProject
Project("{FAE04EC0-301F-11D3-BF4B-00C04F79EFBC}") = "TriveniALibrary", "TriveniALibrary\TriveniALibrary.csproj", "{EABA5DF9-D61C-42FE-A04D-70CDF208C104}"
EndProject
Project("{FAE04EC0-301F-11D3-BF4B-00C04F79EFBC}") = "PublicLibrary", "PublicLibrary\PublicLibrary.csproj", "{5AE99003-B275-43E5-814F-3B7FB485A59F}"
EndProject
Project("{FAE04EC0-301F-11D3-BF4B-00C04F79EFBC}") = "ClientApp", "ClientApp\ClientApp.csproj", "{CF853B2D-323A-4140-B545-646330C96C0D}"
EndProject
Project("{FAE04EC0-301F-11D3-BF4B-00C04F79EFBC}") = "WindowsFormsApp1", "WindowsFormsApp1\WindowsFormsApp1.csproj", "{F54E3C5F-AA7A-4B6A-8BF4-337B3870DE46}"
EndProject
Global
	GlobalSection(SolutionConfigurationPlatforms) = preSolution
		Debug|Any CPU = Debug|Any CPU
		Release|Any CPU = Release|Any CPU
	EndGlobalSection
	GlobalSection(ProjectConfigurationPlatforms) = postSolution
		{4E1EA8E1-EB9C-40AE-AB1F-FB61022336C9}.Debug|Any CPU.ActiveCfg = Debug|Any CPU
		{4E1EA8E1-EB9C-40AE-AB1F-FB61022336C9}.Debug|Any CPU.Build.0 = Debug|Any CPU
		{4E1EA8E1-EB9C-40AE-AB1F-FB61022336C9}.Release|Any CPU.ActiveCfg = Release|Any CPU
		{4E1EA8E1-EB9C-40AE-AB1F-FB61022336C9}.Release|Any CPU.Build.0 = Release|Any CPU
		{EABA5DF9-D61C-42FE-A04D-70CDF208C104}.Debug|Any CPU.ActiveCfg = Debug|Any CPU
		{EABA5DF9-D61C-42FE-A04D-70CDF208C104}.Debug|Any CPU.Build.0 = Debug|Any CPU
		{EABA5DF9-D61C-42FE-A04D-70CDF208C104}.Release|Any CPU.ActiveCfg = Release|Any CPU
		{EABA5DF9-D61C-42FE-A04D-70CDF208C104}.Release|Any CPU.Build.0 = Release|Any CPU
		{5AE99003-B275-43E5-814F-3B7FB485A59F}.Debug|Any CPU.ActiveCfg = Debug|Any CPU
		{5AE99003-B275-43E5-814F-3B7FB485A59F}.Debug|Any CPU.Build.0 = Debug|Any CPU
		{5AE99003-B275-43E5-814F-3B7FB485A59F}.Release|Any CPU.ActiveCfg = Release|Any CPU
		{5AE99003-B275-43E5-814F-3B7FB485A59F}.Release|Any CPU.Build.0 = Release|Any CPU
		{CF853B2D-323A-4140-B545-646330C96C0D}.Debug|Any CPU.ActiveCfg = Debug|Any CPU
		{CF853B2D-323A-4140-B545-646330C96C0D}.Debug|Any CPU.Build.0 = Debug|Any CPU
		{CF853B2D-323A-4140-B545-646330C96C0D}.Release|Any CPU.ActiveCfg = Release|Any CPU
		{CF853B2D-323A-4140-B545-646330C96C0D}.Release|Any CPU.Build.0 = Release|Any CPU
		{F54E3C5F-AA7A-4B6A-8BF4-337B3870DE46}.Debug|Any CPU.ActiveCfg = Debug|Any CPU
		{F54E3C5F-AA7A-4B6A-8BF4-337B3870DE46}.Debug|Any CPU.Build.0 = Debug|Any CPU
		{F54E3C5F-AA7A-4B6A-8BF4-337B3870DE46}.Release|Any CPU.ActiveCfg = Release|Any CPU
		{F54E3C5F-AA7A-4B6A-8BF4-337B3870DE46}.Release|Any CPU.Build.0 = Release|Any CPU
	EndGlobalSection
	GlobalSection(SolutionProperties) = preSolution
		HideSolutionNode = FALSE
	EndGlobalSection
	GlobalSection(ExtensibilityGlobals) = postSolution
		SolutionGuid = {C6FFFC66-3A69-4DFC-A76E-2B0EBC52C31A}
	EndGlobalSection
EndGlobal
