
Microsoft Visual Studio Solution File, Format Version 12.00
# Visual Studio Version 16
VisualStudioVersion = 16.0.31911.196
MinimumVisualStudioVersion = 10.0.40219.1
Project("{FAE04EC0-301F-11D3-BF4B-00C04F79EFBC}") = "Day20Project2", "Day20Project2\Day20Project2.csproj", "{9A5CD5CD-FD21-4741-A460-395E8B7ECB4A}"
EndProject
Global
	GlobalSection(SolutionConfigurationPlatforms) = preSolution
		Debug|Any CPU = Debug|Any CPU
		Release|Any CPU = Release|Any CPU
	EndGlobalSection
	GlobalSection(ProjectConfigurationPlatforms) = postSolution
		{9A5CD5CD-FD21-4741-A460-395E8B7ECB4A}.Debug|Any CPU.ActiveCfg = Debug|Any CPU
		{9A5CD5CD-FD21-4741-A460-395E8B7ECB4A}.Debug|Any CPU.Build.0 = Debug|Any CPU
		{9A5CD5CD-FD21-4741-A460-395E8B7ECB4A}.Release|Any CPU.ActiveCfg = Release|Any CPU
		{9A5CD5CD-FD21-4741-A460-395E8B7ECB4A}.Release|Any CPU.Build.0 = Release|Any CPU
	EndGlobalSection
	GlobalSection(SolutionProperties) = preSolution
		HideSolutionNode = FALSE
	EndGlobalSection
	GlobalSection(ExtensibilityGlobals) = postSolution
		SolutionGuid = {1F70816A-0CE0-477E-BA49-38247EDE0B52}
	EndGlobalSection
EndGlobal
