
Microsoft Visual Studio Solution File, Format Version 12.00
# Visual Studio Version 16
VisualStudioVersion = 16.0.31911.196
MinimumVisualStudioVersion = 10.0.40219.1
Project("{FAE04EC0-301F-11D3-BF4B-00C04F79EFBC}") = "Day13Project5", "Day13Project5\Day13Project5.csproj", "{119FB8E6-7470-4475-A425-190B579C4046}"
EndProject
Global
	GlobalSection(SolutionConfigurationPlatforms) = preSolution
		Debug|Any CPU = Debug|Any CPU
		Release|Any CPU = Release|Any CPU
	EndGlobalSection
	GlobalSection(ProjectConfigurationPlatforms) = postSolution
		{119FB8E6-7470-4475-A425-190B579C4046}.Debug|Any CPU.ActiveCfg = Debug|Any CPU
		{119FB8E6-7470-4475-A425-190B579C4046}.Debug|Any CPU.Build.0 = Debug|Any CPU
		{119FB8E6-7470-4475-A425-190B579C4046}.Release|Any CPU.ActiveCfg = Release|Any CPU
		{119FB8E6-7470-4475-A425-190B579C4046}.Release|Any CPU.Build.0 = Release|Any CPU
	EndGlobalSection
	GlobalSection(SolutionProperties) = preSolution
		HideSolutionNode = FALSE
	EndGlobalSection
	GlobalSection(ExtensibilityGlobals) = postSolution
		SolutionGuid = {FDBB1C25-77AE-4768-8761-4A30425FC52D}
	EndGlobalSection
EndGlobal
