
Microsoft Visual Studio Solution File, Format Version 12.00
# Visual Studio Version 16
VisualStudioVersion = 16.0.31911.196
MinimumVisualStudioVersion = 10.0.40219.1
Project("{FAE04EC0-301F-11D3-BF4B-00C04F79EFBC}") = "QuizApplication", "QuizApplication\QuizApplication.csproj", "{BEF65521-7C3A-4617-9307-518D94E691A6}"
EndProject
Global
	GlobalSection(SolutionConfigurationPlatforms) = preSolution
		Debug|Any CPU = Debug|Any CPU
		Release|Any CPU = Release|Any CPU
	EndGlobalSection
	GlobalSection(ProjectConfigurationPlatforms) = postSolution
		{BEF65521-7C3A-4617-9307-518D94E691A6}.Debug|Any CPU.ActiveCfg = Debug|Any CPU
		{BEF65521-7C3A-4617-9307-518D94E691A6}.Debug|Any CPU.Build.0 = Debug|Any CPU
		{BEF65521-7C3A-4617-9307-518D94E691A6}.Release|Any CPU.ActiveCfg = Release|Any CPU
		{BEF65521-7C3A-4617-9307-518D94E691A6}.Release|Any CPU.Build.0 = Release|Any CPU
	EndGlobalSection
	GlobalSection(SolutionProperties) = preSolution
		HideSolutionNode = FALSE
	EndGlobalSection
	GlobalSection(ExtensibilityGlobals) = postSolution
		SolutionGuid = {6D759854-C663-4482-AD21-CA8DC03028C9}
	EndGlobalSection
EndGlobal
